{
  "name": "bt-lang",
  "version": "1.0.0",
  "lockfileVersion": 3,
  "requires": true,
  "packages": {
    "": {
      "name": "bt-lang",
      "version": "1.0.0",
      "dependencies": {
        "bt-lang": "file:"
      },
      "engines": {
        "vscode": "^1.60.0"
      }
    },
    "node_modules/bt-lang": {
      "resolved": "",
      "link": true
    }
  }
}
